
Microsoft Visual Studio Solution File, Format Version 12.00
# Visual Studio Version 17
VisualStudioVersion = 17.14.36623.8 d17.14
MinimumVisualStudioVersion = 10.0.40219.1
Project("{FAE04EC0-301F-11D3-BF4B-00C04F79EFBC}") = "App", "App.csproj", "{AB7B2C34-A86B-4C33-99F1-6756542600ED}"
EndProject
Global
	GlobalSection(SolutionConfigurationPlatforms) = preSolution
		Debug|Any CPU = Debug|Any CPU
		Release|Any CPU = Release|Any CPU
	EndGlobalSection
	GlobalSection(ProjectConfigurationPlatforms) = postSolution
		{AB7B2C34-A86B-4C33-99F1-6756542600ED}.Debug|Any CPU.ActiveCfg = Debug|Any CPU
		{AB7B2C34-A86B-4C33-99F1-6756542600ED}.Debug|Any CPU.Build.0 = Debug|Any CPU
		{AB7B2C34-A86B-4C33-99F1-6756542600ED}.Release|Any CPU.ActiveCfg = Release|Any CPU
		{AB7B2C34-A86B-4C33-99F1-6756542600ED}.Release|Any CPU.Build.0 = Release|Any CPU
	EndGlobalSection
	GlobalSection(SolutionProperties) = preSolution
		HideSolutionNode = FALSE
	EndGlobalSection
	GlobalSection(ExtensibilityGlobals) = postSolution
		SolutionGuid = {84742990-35D8-490F-9E57-5FAED37FF8B8}
	EndGlobalSection
EndGlobal
